
Microsoft Visual Studio Solution File, Format Version 12.00
# Visual Studio Version 17
VisualStudioVersion = 17.10.35013.160
MinimumVisualStudioVersion = 10.0.40219.1
Project("{2150E333-8FDC-42A3-9474-1A3956D46DE8}") = "Services", "Services", "{E3183C65-1E4F-44D0-AA66-82344A0604F8}"
EndProject
Project("{2150E333-8FDC-42A3-9474-1A3956D46DE8}") = "Catalog", "Catalog", "{3A8C3DDF-5582-49A8-B74D-B7E51E8468BA}"
EndProject
Project("{9A19103F-16F7-4668-BE54-9A1E7A4F7556}") = "MultiShop.Catalog", "Services\Catalog\MultiShop.Catalog\MultiShop.Catalog.csproj", "{72250A81-0861-4346-85B0-0D99A69F0E6C}"
EndProject
Project("{2150E333-8FDC-42A3-9474-1A3956D46DE8}") = "Discount", "Discount", "{6D81DF4C-DC88-4EDB-BE2A-485A80344852}"
EndProject
Project("{9A19103F-16F7-4668-BE54-9A1E7A4F7556}") = "MultiShop.Discount", "Services\Discount\MultiShop.Discount\MultiShop.Discount.csproj", "{387906C4-4391-45C6-990F-04CC60B09AC5}"
EndProject
Project("{2150E333-8FDC-42A3-9474-1A3956D46DE8}") = "Order", "Order", "{C8F21D08-661A-48BC-9345-67843C36B407}"
EndProject
Project("{2150E333-8FDC-42A3-9474-1A3956D46DE8}") = "Core", "Core", "{E6278C00-DCD3-4687-90A4-7FB7E2279E3F}"
EndProject
Project("{2150E333-8FDC-42A3-9474-1A3956D46DE8}") = "Infrastructure", "Infrastructure", "{FAAABF34-7759-42BC-97E7-D2A07B2B06D7}"
EndProject
Project("{2150E333-8FDC-42A3-9474-1A3956D46DE8}") = "Presentation", "Presentation", "{8DE0BE62-E474-4D49-9196-1A3DA4FD92A5}"
EndProject
Project("{9A19103F-16F7-4668-BE54-9A1E7A4F7556}") = "MultiShop.Order.Application", "Services\Order\Core\MultiShop.Order.Application\MultiShop.Order.Application.csproj", "{6789471E-516A-428B-A042-21377C611E47}"
EndProject
Project("{9A19103F-16F7-4668-BE54-9A1E7A4F7556}") = "MultiShop.Order.Domain", "Services\Order\Core\MultiShop.Order.Domain\MultiShop.Order.Domain.csproj", "{8000DBF0-4CAE-41F1-A635-072197ED7BC2}"
EndProject
Project("{9A19103F-16F7-4668-BE54-9A1E7A4F7556}") = "MultiShop.Order.WebApi", "Services\Order\Presentation\MultiShop.Order.WebApi\MultiShop.Order.WebApi.csproj", "{D6422867-35CB-40A8-8BAF-9D9322009F74}"
EndProject
Project("{9A19103F-16F7-4668-BE54-9A1E7A4F7556}") = "MultiShop.Order.Persistence", "Services\Order\Infrastructure\MultiShop.Order.Persistence\MultiShop.Order.Persistence.csproj", "{59E5D6CB-BFB3-473D-8B24-BCF0D12F0A68}"
EndProject
Project("{2150E333-8FDC-42A3-9474-1A3956D46DE8}") = "IdentityServer", "IdentityServer", "{3AEC0D11-4832-4BA2-9E74-F1F967C3D323}"
EndProject
Project("{9A19103F-16F7-4668-BE54-9A1E7A4F7556}") = "MultiShop.IdentityServer", "IdentityServer\MultiShop.IdentityServer\MultiShop.IdentityServer.csproj", "{9A23C5E7-CC24-4B5D-99F9-7836C1545CF2}"
EndProject
Project("{2150E333-8FDC-42A3-9474-1A3956D46DE8}") = "Requirement", "Requirement", "{8876144B-59FC-452A-8C6D-CCCA06CAA3E9}"
	ProjectSection(SolutionItems) = preProject
		IdentityServerVersionErrorSolution.txt = IdentityServerVersionErrorSolution.txt
		PortainerCmd.txt = PortainerCmd.txt
		PortNumbers.txt = PortNumbers.txt
	EndProjectSection
EndProject
Project("{2150E333-8FDC-42A3-9474-1A3956D46DE8}") = "Cargo", "Cargo", "{0D3671BE-A30E-4B2F-B234-3720B74A0813}"
EndProject
Project("{9A19103F-16F7-4668-BE54-9A1E7A4F7556}") = "MultiShop.Cargo.EntityLayer", "Services\Cargo\MultiShop.Cargo.EntityLayer\MultiShop.Cargo.EntityLayer.csproj", "{0867493B-B441-4027-BDFF-CC01FCBC4C0F}"
EndProject
Project("{9A19103F-16F7-4668-BE54-9A1E7A4F7556}") = "MultiShop.Cargo.BusinessLayer", "Services\Cargo\MultiShop.Cargo.BusinessLayer\MultiShop.Cargo.BusinessLayer.csproj", "{EE12DFB6-E9E4-470E-AF1E-F244B2FA2B1B}"
EndProject
Project("{9A19103F-16F7-4668-BE54-9A1E7A4F7556}") = "MultiShop.Cargo.DataAccessLayer", "Services\Cargo\MultiShop.Cargo.DataAccessLayer\MultiShop.Cargo.DataAccessLayer.csproj", "{6489201A-7635-43B2-B747-4390DA5F62AD}"
EndProject
Project("{9A19103F-16F7-4668-BE54-9A1E7A4F7556}") = "MultiShop.Cargo.DtoLayer", "Services\Cargo\MultiShop.Cargo.DtoLayer\MultiShop.Cargo.DtoLayer.csproj", "{D015932A-8F4C-46E8-9788-0D46E1A3CDBB}"
EndProject
Project("{9A19103F-16F7-4668-BE54-9A1E7A4F7556}") = "MultiShop.Cargo.WebApi", "Services\Cargo\MultiShop.Cargo.WebApi\MultiShop.Cargo.WebApi.csproj", "{8FE3A95F-C5C8-46D5-AE29-FEA43FF41DAA}"
EndProject
Project("{2150E333-8FDC-42A3-9474-1A3956D46DE8}") = "Basket", "Basket", "{FFB52A60-DE28-4827-BEBD-635A779D7E9E}"
EndProject
Project("{FAE04EC0-301F-11D3-BF4B-00C04F79EFBC}") = "MultiShop.Basket", "Services\Basket\MultiShop.Basket\MultiShop.Basket.csproj", "{D6293835-6C19-443D-AEB5-A73060EB88C4}"
EndProject
Global
	GlobalSection(SolutionConfigurationPlatforms) = preSolution
		Debug|Any CPU = Debug|Any CPU
		Release|Any CPU = Release|Any CPU
	EndGlobalSection
	GlobalSection(ProjectConfigurationPlatforms) = postSolution
		{72250A81-0861-4346-85B0-0D99A69F0E6C}.Debug|Any CPU.ActiveCfg = Debug|Any CPU
		{72250A81-0861-4346-85B0-0D99A69F0E6C}.Debug|Any CPU.Build.0 = Debug|Any CPU
		{72250A81-0861-4346-85B0-0D99A69F0E6C}.Release|Any CPU.ActiveCfg = Release|Any CPU
		{72250A81-0861-4346-85B0-0D99A69F0E6C}.Release|Any CPU.Build.0 = Release|Any CPU
		{387906C4-4391-45C6-990F-04CC60B09AC5}.Debug|Any CPU.ActiveCfg = Debug|Any CPU
		{387906C4-4391-45C6-990F-04CC60B09AC5}.Debug|Any CPU.Build.0 = Debug|Any CPU
		{387906C4-4391-45C6-990F-04CC60B09AC5}.Release|Any CPU.ActiveCfg = Release|Any CPU
		{387906C4-4391-45C6-990F-04CC60B09AC5}.Release|Any CPU.Build.0 = Release|Any CPU
		{6789471E-516A-428B-A042-21377C611E47}.Debug|Any CPU.ActiveCfg = Debug|Any CPU
		{6789471E-516A-428B-A042-21377C611E47}.Debug|Any CPU.Build.0 = Debug|Any CPU
		{6789471E-516A-428B-A042-21377C611E47}.Release|Any CPU.ActiveCfg = Release|Any CPU
		{6789471E-516A-428B-A042-21377C611E47}.Release|Any CPU.Build.0 = Release|Any CPU
		{8000DBF0-4CAE-41F1-A635-072197ED7BC2}.Debug|Any CPU.ActiveCfg = Debug|Any CPU
		{8000DBF0-4CAE-41F1-A635-072197ED7BC2}.Debug|Any CPU.Build.0 = Debug|Any CPU
		{8000DBF0-4CAE-41F1-A635-072197ED7BC2}.Release|Any CPU.ActiveCfg = Release|Any CPU
		{8000DBF0-4CAE-41F1-A635-072197ED7BC2}.Release|Any CPU.Build.0 = Release|Any CPU
		{D6422867-35CB-40A8-8BAF-9D9322009F74}.Debug|Any CPU.ActiveCfg = Debug|Any CPU
		{D6422867-35CB-40A8-8BAF-9D9322009F74}.Debug|Any CPU.Build.0 = Debug|Any CPU
		{D6422867-35CB-40A8-8BAF-9D9322009F74}.Release|Any CPU.ActiveCfg = Release|Any CPU
		{D6422867-35CB-40A8-8BAF-9D9322009F74}.Release|Any CPU.Build.0 = Release|Any CPU
		{59E5D6CB-BFB3-473D-8B24-BCF0D12F0A68}.Debug|Any CPU.ActiveCfg = Debug|Any CPU
		{59E5D6CB-BFB3-473D-8B24-BCF0D12F0A68}.Debug|Any CPU.Build.0 = Debug|Any CPU
		{59E5D6CB-BFB3-473D-8B24-BCF0D12F0A68}.Release|Any CPU.ActiveCfg = Release|Any CPU
		{59E5D6CB-BFB3-473D-8B24-BCF0D12F0A68}.Release|Any CPU.Build.0 = Release|Any CPU
		{9A23C5E7-CC24-4B5D-99F9-7836C1545CF2}.Debug|Any CPU.ActiveCfg = Debug|Any CPU
		{9A23C5E7-CC24-4B5D-99F9-7836C1545CF2}.Debug|Any CPU.Build.0 = Debug|Any CPU
		{9A23C5E7-CC24-4B5D-99F9-7836C1545CF2}.Release|Any CPU.ActiveCfg = Release|Any CPU
		{9A23C5E7-CC24-4B5D-99F9-7836C1545CF2}.Release|Any CPU.Build.0 = Release|Any CPU
		{0867493B-B441-4027-BDFF-CC01FCBC4C0F}.Debug|Any CPU.ActiveCfg = Debug|Any CPU
		{0867493B-B441-4027-BDFF-CC01FCBC4C0F}.Debug|Any CPU.Build.0 = Debug|Any CPU
		{0867493B-B441-4027-BDFF-CC01FCBC4C0F}.Release|Any CPU.ActiveCfg = Release|Any CPU
		{0867493B-B441-4027-BDFF-CC01FCBC4C0F}.Release|Any CPU.Build.0 = Release|Any CPU
		{EE12DFB6-E9E4-470E-AF1E-F244B2FA2B1B}.Debug|Any CPU.ActiveCfg = Debug|Any CPU
		{EE12DFB6-E9E4-470E-AF1E-F244B2FA2B1B}.Debug|Any CPU.Build.0 = Debug|Any CPU
		{EE12DFB6-E9E4-470E-AF1E-F244B2FA2B1B}.Release|Any CPU.ActiveCfg = Release|Any CPU
		{EE12DFB6-E9E4-470E-AF1E-F244B2FA2B1B}.Release|Any CPU.Build.0 = Release|Any CPU
		{6489201A-7635-43B2-B747-4390DA5F62AD}.Debug|Any CPU.ActiveCfg = Debug|Any CPU
		{6489201A-7635-43B2-B747-4390DA5F62AD}.Debug|Any CPU.Build.0 = Debug|Any CPU
		{6489201A-7635-43B2-B747-4390DA5F62AD}.Release|Any CPU.ActiveCfg = Release|Any CPU
		{6489201A-7635-43B2-B747-4390DA5F62AD}.Release|Any CPU.Build.0 = Release|Any CPU
		{D015932A-8F4C-46E8-9788-0D46E1A3CDBB}.Debug|Any CPU.ActiveCfg = Debug|Any CPU
		{D015932A-8F4C-46E8-9788-0D46E1A3CDBB}.Debug|Any CPU.Build.0 = Debug|Any CPU
		{D015932A-8F4C-46E8-9788-0D46E1A3CDBB}.Release|Any CPU.ActiveCfg = Release|Any CPU
		{D015932A-8F4C-46E8-9788-0D46E1A3CDBB}.Release|Any CPU.Build.0 = Release|Any CPU
		{8FE3A95F-C5C8-46D5-AE29-FEA43FF41DAA}.Debug|Any CPU.ActiveCfg = Debug|Any CPU
		{8FE3A95F-C5C8-46D5-AE29-FEA43FF41DAA}.Debug|Any CPU.Build.0 = Debug|Any CPU
		{8FE3A95F-C5C8-46D5-AE29-FEA43FF41DAA}.Release|Any CPU.ActiveCfg = Release|Any CPU
		{8FE3A95F-C5C8-46D5-AE29-FEA43FF41DAA}.Release|Any CPU.Build.0 = Release|Any CPU
		{D6293835-6C19-443D-AEB5-A73060EB88C4}.Debug|Any CPU.ActiveCfg = Debug|Any CPU
		{D6293835-6C19-443D-AEB5-A73060EB88C4}.Debug|Any CPU.Build.0 = Debug|Any CPU
		{D6293835-6C19-443D-AEB5-A73060EB88C4}.Release|Any CPU.ActiveCfg = Release|Any CPU
		{D6293835-6C19-443D-AEB5-A73060EB88C4}.Release|Any CPU.Build.0 = Release|Any CPU
	EndGlobalSection
	GlobalSection(SolutionProperties) = preSolution
		HideSolutionNode = FALSE
	EndGlobalSection
	GlobalSection(NestedProjects) = preSolution
		{3A8C3DDF-5582-49A8-B74D-B7E51E8468BA} = {E3183C65-1E4F-44D0-AA66-82344A0604F8}
		{72250A81-0861-4346-85B0-0D99A69F0E6C} = {3A8C3DDF-5582-49A8-B74D-B7E51E8468BA}
		{6D81DF4C-DC88-4EDB-BE2A-485A80344852} = {E3183C65-1E4F-44D0-AA66-82344A0604F8}
		{387906C4-4391-45C6-990F-04CC60B09AC5} = {6D81DF4C-DC88-4EDB-BE2A-485A80344852}
		{C8F21D08-661A-48BC-9345-67843C36B407} = {E3183C65-1E4F-44D0-AA66-82344A0604F8}
		{E6278C00-DCD3-4687-90A4-7FB7E2279E3F} = {C8F21D08-661A-48BC-9345-67843C36B407}
		{FAAABF34-7759-42BC-97E7-D2A07B2B06D7} = {C8F21D08-661A-48BC-9345-67843C36B407}
		{8DE0BE62-E474-4D49-9196-1A3DA4FD92A5} = {C8F21D08-661A-48BC-9345-67843C36B407}
		{6789471E-516A-428B-A042-21377C611E47} = {E6278C00-DCD3-4687-90A4-7FB7E2279E3F}
		{8000DBF0-4CAE-41F1-A635-072197ED7BC2} = {E6278C00-DCD3-4687-90A4-7FB7E2279E3F}
		{D6422867-35CB-40A8-8BAF-9D9322009F74} = {8DE0BE62-E474-4D49-9196-1A3DA4FD92A5}
		{59E5D6CB-BFB3-473D-8B24-BCF0D12F0A68} = {FAAABF34-7759-42BC-97E7-D2A07B2B06D7}
		{9A23C5E7-CC24-4B5D-99F9-7836C1545CF2} = {3AEC0D11-4832-4BA2-9E74-F1F967C3D323}
		{0D3671BE-A30E-4B2F-B234-3720B74A0813} = {E3183C65-1E4F-44D0-AA66-82344A0604F8}
		{0867493B-B441-4027-BDFF-CC01FCBC4C0F} = {0D3671BE-A30E-4B2F-B234-3720B74A0813}
		{EE12DFB6-E9E4-470E-AF1E-F244B2FA2B1B} = {0D3671BE-A30E-4B2F-B234-3720B74A0813}
		{6489201A-7635-43B2-B747-4390DA5F62AD} = {0D3671BE-A30E-4B2F-B234-3720B74A0813}
		{D015932A-8F4C-46E8-9788-0D46E1A3CDBB} = {0D3671BE-A30E-4B2F-B234-3720B74A0813}
		{8FE3A95F-C5C8-46D5-AE29-FEA43FF41DAA} = {0D3671BE-A30E-4B2F-B234-3720B74A0813}
		{FFB52A60-DE28-4827-BEBD-635A779D7E9E} = {E3183C65-1E4F-44D0-AA66-82344A0604F8}
		{D6293835-6C19-443D-AEB5-A73060EB88C4} = {FFB52A60-DE28-4827-BEBD-635A779D7E9E}
	EndGlobalSection
	GlobalSection(ExtensibilityGlobals) = postSolution
		SolutionGuid = {FF8BBF48-8352-4A69-9FDB-4B8A230D3BF4}
	EndGlobalSection
EndGlobal
